
Microsoft Visual Studio Solution File, Format Version 12.00
# Visual Studio Version 16
VisualStudioVersion = 16.0.30503.244
MinimumVisualStudioVersion = 10.0.40219.1
Project("{FAE04EC0-301F-11D3-BF4B-00C04F79EFBC}") = "ImageProcessing", "ImageProcessing\ImageProcessing.csproj", "{B7AA11B4-611E-4D39-BEE7-F810DEB2A609}"
EndProject
Global
	GlobalSection(SolutionConfigurationPlatforms) = preSolution
		Debug|Any CPU = Debug|Any CPU
		Release|Any CPU = Release|Any CPU
	EndGlobalSection
	GlobalSection(ProjectConfigurationPlatforms) = postSolution
		{B7AA11B4-611E-4D39-BEE7-F810DEB2A609}.Debug|Any CPU.ActiveCfg = Debug|Any CPU
		{B7AA11B4-611E-4D39-BEE7-F810DEB2A609}.Debug|Any CPU.Build.0 = Debug|Any CPU
		{B7AA11B4-611E-4D39-BEE7-F810DEB2A609}.Release|Any CPU.ActiveCfg = Release|Any CPU
		{B7AA11B4-611E-4D39-BEE7-F810DEB2A609}.Release|Any CPU.Build.0 = Release|Any CPU
	EndGlobalSection
	GlobalSection(SolutionProperties) = preSolution
		HideSolutionNode = FALSE
	EndGlobalSection
	GlobalSection(ExtensibilityGlobals) = postSolution
		SolutionGuid = {0C75ABFC-F448-4586-8933-539EB0804463}
	EndGlobalSection
EndGlobal
